
Microsoft Visual Studio Solution File, Format Version 12.00
# Visual Studio Version 17
VisualStudioVersion = 17.12.35514.174
MinimumVisualStudioVersion = 10.0.40219.1
Project("{FAE04EC0-301F-11D3-BF4B-00C04F79EFBC}") = "WebApplication.App.Web", "WebApplication.App.Web.csproj", "{DCDBD43B-ECED-4052-AD3D-297C314EF025}"
EndProject
Project("{FAE04EC0-301F-11D3-BF4B-00C04F79EFBC}") = "WebApplication.Domain", "..\WebApplication.Domain\WebApplication.Domain.csproj", "{F6D8EFA9-65F8-4EA9-9345-EFB78B919C91}"
EndProject
Project("{FAE04EC0-301F-11D3-BF4B-00C04F79EFBC}") = "WebApplication.Application", "..\WebApplication.Application\WebApplication.Application.csproj", "{C15C6BEF-D980-4918-9DAC-19EF5883C048}"
EndProject
Project("{FAE04EC0-301F-11D3-BF4B-00C04F79EFBC}") = "WebApplication.Infrastructure", "..\WebApplication.Infrastructure\WebApplication.Infrastructure.csproj", "{9EAA3580-E8C5-4189-A39E-6C44B6D740C5}"
EndProject
Project("{FAE04EC0-301F-11D3-BF4B-00C04F79EFBC}") = "WebApplication.Shared", "..\WebApplication.Shared\WebApplication.Shared.csproj", "{51491788-C386-4775-9850-D3A8CEA0ABBA}"
EndProject
Global
	GlobalSection(SolutionConfigurationPlatforms) = preSolution
		Debug|Any CPU = Debug|Any CPU
		Release|Any CPU = Release|Any CPU
	EndGlobalSection
	GlobalSection(ProjectConfigurationPlatforms) = postSolution
		{DCDBD43B-ECED-4052-AD3D-297C314EF025}.Debug|Any CPU.ActiveCfg = Debug|Any CPU
		{DCDBD43B-ECED-4052-AD3D-297C314EF025}.Debug|Any CPU.Build.0 = Debug|Any CPU
		{DCDBD43B-ECED-4052-AD3D-297C314EF025}.Release|Any CPU.ActiveCfg = Release|Any CPU
		{DCDBD43B-ECED-4052-AD3D-297C314EF025}.Release|Any CPU.Build.0 = Release|Any CPU
		{F6D8EFA9-65F8-4EA9-9345-EFB78B919C91}.Debug|Any CPU.ActiveCfg = Debug|Any CPU
		{F6D8EFA9-65F8-4EA9-9345-EFB78B919C91}.Debug|Any CPU.Build.0 = Debug|Any CPU
		{F6D8EFA9-65F8-4EA9-9345-EFB78B919C91}.Release|Any CPU.ActiveCfg = Release|Any CPU
		{F6D8EFA9-65F8-4EA9-9345-EFB78B919C91}.Release|Any CPU.Build.0 = Release|Any CPU
		{C15C6BEF-D980-4918-9DAC-19EF5883C048}.Debug|Any CPU.ActiveCfg = Debug|Any CPU
		{C15C6BEF-D980-4918-9DAC-19EF5883C048}.Debug|Any CPU.Build.0 = Debug|Any CPU
		{C15C6BEF-D980-4918-9DAC-19EF5883C048}.Release|Any CPU.ActiveCfg = Release|Any CPU
		{C15C6BEF-D980-4918-9DAC-19EF5883C048}.Release|Any CPU.Build.0 = Release|Any CPU
		{9EAA3580-E8C5-4189-A39E-6C44B6D740C5}.Debug|Any CPU.ActiveCfg = Debug|Any CPU
		{9EAA3580-E8C5-4189-A39E-6C44B6D740C5}.Debug|Any CPU.Build.0 = Debug|Any CPU
		{9EAA3580-E8C5-4189-A39E-6C44B6D740C5}.Release|Any CPU.ActiveCfg = Release|Any CPU
		{9EAA3580-E8C5-4189-A39E-6C44B6D740C5}.Release|Any CPU.Build.0 = Release|Any CPU
		{51491788-C386-4775-9850-D3A8CEA0ABBA}.Debug|Any CPU.ActiveCfg = Debug|Any CPU
		{51491788-C386-4775-9850-D3A8CEA0ABBA}.Debug|Any CPU.Build.0 = Debug|Any CPU
		{51491788-C386-4775-9850-D3A8CEA0ABBA}.Release|Any CPU.ActiveCfg = Release|Any CPU
		{51491788-C386-4775-9850-D3A8CEA0ABBA}.Release|Any CPU.Build.0 = Release|Any CPU
	EndGlobalSection
	GlobalSection(SolutionProperties) = preSolution
		HideSolutionNode = FALSE
	EndGlobalSection
EndGlobal
